// !$*UTF8*$!
{
	archiveVersion = 1;
	classes = {
	};
	objectVersion = 48;
	objects = {

/* Begin PBXBuildFile section */
		F5C481F32064544200E8FB50 /* AppDelegate.swift in Sources */ = {isa = PBXBuildFile; fileRef = F5C481F22064544200E8FB50 /* AppDelegate.swift */; };
		F5C481F52064544200E8FB50 /* ViewController.swift in Sources */ = {isa = PBXBuildFile; fileRef = F5C481F42064544200E8FB50 /* ViewController.swift */; };
		F5C481F82064544200E8FB50 /* Main.storyboard in Resources */ = {isa = PBXBuildFile; fileRef = F5C481F62064544200E8FB50 /* Main.storyboard */; };
		F5C481FA2064544200E8FB50 /* Assets.xcassets in Resources */ = {isa = PBXBuildFile; fileRef = F5C481F92064544200E8FB50 /* Assets.xcassets */; };
		F5C481FD2064544200E8FB50 /* LaunchScreen.storyboard in Resources */ = {isa = PBXBuildFile; fileRef = F5C481FB2064544200E8FB50 /* LaunchScreen.storyboard */; };
		F5C482082064544200E8FB50 /* firstOneTests.swift in Sources */ = {isa = PBXBuildFile; fileRef = F5C482072064544200E8FB50 /* firstOneTests.swift */; };
		F5C482132064544200E8FB50 /* firstOneUITests.swift in Sources */ = {isa = PBXBuildFile; fileRef = F5C482122064544200E8FB50 /* firstOneUITests.swift */; };
/* End PBXBuildFile section */

/* Begin PBXContainerItemProxy section */
		F5C482042064544200E8FB50 /* PBXContainerItemProxy */ = {
			isa = PBXContainerItemProxy;
			containerPortal = F5C481E72064544100E8FB50 /* Project object */;
			proxyType = 1;
			remoteGlobalIDString = F5C481EE2064544200E8FB50;
			remoteInfo = firstOne;
		};
		F5C4820F2064544200E8FB50 /* PBXContainerItemProxy */ = {
			isa = PBXContainerItemProxy;
			containerPortal = F5C481E72064544100E8FB50 /* Project object */;
			proxyType = 1;
			remoteGlobalIDString = F5C481EE2064544200E8FB50;
			remoteInfo = firstOne;
		};
/* End PBXContainerItemProxy section */

/* Begin PBXFileReference section */
		F5C481EF2064544200E8FB50 /* firstOne.app */ = {isa = PBXFileReference; explicitFileType = wrapper.application; includeInIndex = 0; path = firstOne.app; sourceTree = BUILT_PRODUCTS_DIR; };
		F5C481F22064544200E8FB50 /* AppDelegate.swift */ = {isa = PBXFileReference; lastKnownFileType = sourcecode.swift; path = AppDelegate.swift; sourceTree = "<group>"; };
		F5C481F42064544200E8FB50 /* ViewController.swift */ = {isa = PBXFileReference; lastKnownFileType = sourcecode.swift; path = ViewController.swift; sourceTree = "<group>"; };
		F5C481F72064544200E8FB50 /* Base */ = {isa = PBXFileReference; lastKnownFileType = file.storyboard; name = Base; path = Base.lproj/Main.storyboard; sourceTree = "<group>"; };
		F5C481F92064544200E8FB50 /* Assets.xcassets */ = {isa = PBXFileReference; lastKnownFileType = folder.assetcatalog; path = Assets.xcassets; sourceTree = "<group>"; };
		F5C481FC2064544200E8FB50 /* Base */ = {isa = PBXFileReference; lastKnownFileType = file.storyboard; name = Base; path = Base.lproj/LaunchScreen.storyboard; sourceTree = "<group>"; };
		F5C481FE2064544200E8FB50 /* Info.plist */ = {isa = PBXFileReference; lastKnownFileType = text.plist.xml; path = Info.plist; sourceTree = "<group>"; };
		F5C482032064544200E8FB50 /* firstOneTests.xctest */ = {isa = PBXFileReference; explicitFileType = wrapper.cfbundle; includeInIndex = 0; path = firstOneTests.xctest; sourceTree = BUILT_PRODUCTS_DIR; };
		F5C482072064544200E8FB50 /* firstOneTests.swift */ = {isa = PBXFileReference; lastKnownFileType = sourcecode.swift; path = firstOneTests.swift; sourceTree = "<group>"; };
		F5C482092064544200E8FB50 /* Info.plist */ = {isa = PBXFileReference; lastKnownFileType = text.plist.xml; path = Info.plist; sourceTree = "<group>"; };
		F5C4820E2064544200E8FB50 /* firstOneUITests.xctest */ = {isa = PBXFileReference; explicitFileType = wrapper.cfbundle; includeInIndex = 0; path = firstOneUITests.xctest; sourceTree = BUILT_PRODUCTS_DIR; };
		F5C482122064544200E8FB50 /* firstOneUITests.swift */ = {isa = PBXFileReference; lastKnownFileType = sourcecode.swift; path = firstOneUITests.swift; sourceTree = "<group>"; };
		F5C482142064544200E8FB50 /* Info.plist */ = {isa = PBXFileReference; lastKnownFileType = text.plist.xml; path = Info.plist; sourceTree = "<group>"; };
/* End PBXFileReference section */

/* Begin PBXFrameworksBuildPhase section */
		F5C481EC2064544200E8FB50 /* Frameworks */ = {
			isa = PBXFrameworksBuildPhase;
			buildActionMask = 2147483647;
			files = (
			);
			runOnlyForDeploymentPostprocessing = 0;
		};
		F5C482002064544200E8FB50 /* Frameworks */ = {
			isa = PBXFrameworksBuildPhase;
			buildActionMask = 2147483647;
			files = (
			);
			runOnlyForDeploymentPostprocessing = 0;
		};
		F5C4820B2064544200E8FB50 /* Frameworks */ = {
			isa = PBXFrameworksBuildPhase;
			buildActionMask = 2147483647;
			files = (
			);
			runOnlyForDeploymentPostprocessing = 0;
		};
/* End PBXFrameworksBuildPhase section */

/* Begin PBXGroup section */
		F5C481E62064544100E8FB50 = {
			isa = PBXGroup;
			children = (
				F5C481F12064544200E8FB50 /* firstOne */,
				F5C482062064544200E8FB50 /* firstOneTests */,
				F5C482112064544200E8FB50 /* firstOneUITests */,
				F5C481F02064544200E8FB50 /* Products */,
			);
			sourceTree = "<group>";
		};
		F5C481F02064544200E8FB50 /* Products */ = {
			isa = PBXGroup;
			children = (
				F5C481EF2064544200E8FB50 /* firstOne.app */,
				F5C482032064544200E8FB50 /* firstOneTests.xctest */,
				F5C4820E2064544200E8FB50 /* firstOneUITests.xctest */,
			);
			name = Products;
			sourceTree = "<group>";
		};
		F5C481F12064544200E8FB50 /* firstOne */ = {
			isa = PBXGroup;
			children = (
				F5C481F22064544200E8FB50 /* AppDelegate.swift */,
				F5C481F42064544200E8FB50 /* ViewController.swift */,
				F5C481F62064544200E8FB50 /* Main.storyboard */,
				F5C481F92064544200E8FB50 /* Assets.xcassets */,
				F5C481FB2064544200E8FB50 /* LaunchScreen.storyboard */,
				F5C481FE2064544200E8FB50 /* Info.plist */,
			);
			path = firstOne;
			sourceTree = "<group>";
		};
		F5C482062064544200E8FB50 /* firstOneTests */ = {
			isa = PBXGroup;
			children = (
				F5C482072064544200E8FB50 /* firstOneTests.swift */,
				F5C482092064544200E8FB50 /* Info.plist */,
			);
			path = firstOneTests;
			sourceTree = "<group>";
		};
		F5C482112064544200E8FB50 /* firstOneUITests */ = {
			isa = PBXGroup;
			children = (
				F5C482122064544200E8FB50 /* firstOneUITests.swift */,
				F5C482142064544200E8FB50 /* Info.plist */,
			);
			path = firstOneUITests;
			sourceTree = "<group>";
		};
/* End PBXGroup section */

/* Begin PBXNativeTarget section */
		F5C481EE2064544200E8FB50 /* firstOne */ = {
			isa = PBXNativeTarget;
			buildConfigurationList = F5C482172064544200E8FB50 /* Build configuration list for PBXNativeTarget "firstOne" */;
			buildPhases = (
				F5C481EB2064544200E8FB50 /* Sources */,
				F5C481EC2064544200E8FB50 /* Frameworks */,
				F5C481ED2064544200E8FB50 /* Resources */,
			);
			buildRules = (
			);
			dependencies = (
			);
			name = firstOne;
			productName = firstOne;
			productReference = F5C481EF2064544200E8FB50 /* firstOne.app */;
			productType = "com.apple.product-type.application";
		};
		F5C482022064544200E8FB50 /* firstOneTests */ = {
			isa = PBXNativeTarget;
			buildConfigurationList = F5C4821A2064544200E8FB50 /* Build configuration list for PBXNativeTarget "firstOneTests" */;
			buildPhases = (
				F5C481FF2064544200E8FB50 /* Sources */,
				F5C482002064544200E8FB50 /* Frameworks */,
				F5C482012064544200E8FB50 /* Resources */,
			);
			buildRules = (
			);
			dependencies = (
				F5C482052064544200E8FB50 /* PBXTargetDependency */,
			);
			name = firstOneTests;
			productName = firstOneTests;
			productReference = F5C482032064544200E8FB50 /* firstOneTests.xctest */;
			productType = "com.apple.product-type.bundle.unit-test";
		};
		F5C4820D2064544200E8FB50 /* firstOneUITests */ = {
			isa = PBXNativeTarget;
			buildConfigurationList = F5C4821D2064544200E8FB50 /* Build configuration list for PBXNativeTarget "firstOneUITests" */;
			buildPhases = (
				F5C4820A2064544200E8FB50 /* Sources */,
				F5C4820B2064544200E8FB50 /* Frameworks */,
				F5C4820C2064544200E8FB50 /* Resources */,
			);
			buildRules = (
			);
			dependencies = (
				F5C482102064544200E8FB50 /* PBXTargetDependency */,
			);
			name = firstOneUITests;
			productName = firstOneUITests;
			productReference = F5C4820E2064544200E8FB50 /* firstOneUITests.xctest */;
			productType = "com.apple.product-type.bundle.ui-testing";
		};
/* End PBXNativeTarget section */

/* Begin PBXProject section */
		F5C481E72064544100E8FB50 /* Project object */ = {
			isa = PBXProject;
			attributes = {
				LastSwiftUpdateCheck = 0910;
				LastUpgradeCheck = 0910;
				ORGANIZATIONNAME = viktor.co;
				TargetAttributes = {
					F5C481EE2064544200E8FB50 = {
						CreatedOnToolsVersion = 9.1;
						ProvisioningStyle = Automatic;
					};
					F5C482022064544200E8FB50 = {
						CreatedOnToolsVersion = 9.1;
						ProvisioningStyle = Automatic;
						TestTargetID = F5C481EE2064544200E8FB50;
					};
					F5C4820D2064544200E8FB50 = {
						CreatedOnToolsVersion = 9.1;
						ProvisioningStyle = Automatic;
						TestTargetID = F5C481EE2064544200E8FB50;
					};
				};
			};
			buildConfigurationList = F5C481EA2064544100E8FB50 /* Build configuration list for PBXProject "firstOne" */;
			compatibilityVersion = "Xcode 8.0";
			developmentRegion = en;
			hasScannedForEncodings = 0;
			knownRegions = (
				en,
				Base,
			);
			mainGroup = F5C481E62064544100E8FB50;
			productRefGroup = F5C481F02064544200E8FB50 /* Products */;
			projectDirPath = "";
			projectRoot = "";
			targets = (
				F5C481EE2064544200E8FB50 /* firstOne */,
				F5C482022064544200E8FB50 /* firstOneTests */,
				F5C4820D2064544200E8FB50 /* firstOneUITests */,
			);
		};
/* End PBXProject section */

/* Begin PBXResourcesBuildPhase section */
		F5C481ED2064544200E8FB50 /* Resources */ = {
			isa = PBXResourcesBuildPhase;
			buildActionMask = 2147483647;
			files = (
				F5C481FD2064544200E8FB50 /* LaunchScreen.storyboard in Resources */,
				F5C481FA2064544200E8FB50 /* Assets.xcassets in Resources */,
				F5C481F82064544200E8FB50 /* Main.storyboard in Resources */,
			);
			runOnlyForDeploymentPostprocessing = 0;
		};
		F5C482012064544200E8FB50 /* Resources */ = {
			isa = PBXResourcesBuildPhase;
			buildActionMask = 2147483647;
			files = (
			);
			runOnlyForDeploymentPostprocessing = 0;
		};
		F5C4820C2064544200E8FB50 /* Resources */ = {
			isa = PBXResourcesBuildPhase;
			buildActionMask = 2147483647;
			files = (
			);
			runOnlyForDeploymentPostprocessing = 0;
		};
/* End PBXResourcesBuildPhase section */

/* Begin PBXSourcesBuildPhase section */
		F5C481EB2064544200E8FB50 /* Sources */ = {
			isa = PBXSourcesBuildPhase;
			buildActionMask = 2147483647;
			files = (
				F5C481F52064544200E8FB50 /* ViewController.swift in Sources */,
				F5C481F32064544200E8FB50 /* AppDelegate.swift in Sources */,
			);
			runOnlyForDeploymentPostprocessing = 0;
		};
		F5C481FF2064544200E8FB50 /* Sources */ = {
			isa = PBXSourcesBuildPhase;
			buildActionMask = 2147483647;
			files = (
				F5C482082064544200E8FB50 /* firstOneTests.swift in Sources */,
			);
			runOnlyForDeploymentPostprocessing = 0;
		};
		F5C4820A2064544200E8FB50 /* Sources */ = {
			isa = PBXSourcesBuildPhase;
			buildActionMask = 2147483647;
			files = (
				F5C482132064544200E8FB50 /* firstOneUITests.swift in Sources */,
			);
			runOnlyForDeploymentPostprocessing = 0;
		};
/* End PBXSourcesBuildPhase section */

/* Begin PBXTargetDependency section */
		F5C482052064544200E8FB50 /* PBXTargetDependency */ = {
			isa = PBXTargetDependency;
			target = F5C481EE2064544200E8FB50 /* firstOne */;
			targetProxy = F5C482042064544200E8FB50 /* PBXContainerItemProxy */;
		};
		F5C482102064544200E8FB50 /* PBXTargetDependency */ = {
			isa = PBXTargetDependency;
			target = F5C481EE2064544200E8FB50 /* firstOne */;
			targetProxy = F5C4820F2064544200E8FB50 /* PBXContainerItemProxy */;
		};
/* End PBXTargetDependency section */

/* Begin PBXVariantGroup section */
		F5C481F62064544200E8FB50 /* Main.storyboard */ = {
			isa = PBXVariantGroup;
			children = (
				F5C481F72064544200E8FB50 /* Base */,
			);
			name = Main.storyboard;
			sourceTree = "<group>";
		};
		F5C481FB2064544200E8FB50 /* LaunchScreen.storyboard */ = {
			isa = PBXVariantGroup;
			children = (
				F5C481FC2064544200E8FB50 /* Base */,
			);
			name = LaunchScreen.storyboard;
			sourceTree = "<group>";
		};
/* End PBXVariantGroup section */

/* Begin XCBuildConfiguration section */
		F5C482152064544200E8FB50 /* Debug */ = {
			isa = XCBuildConfiguration;
			buildSettings = {
				ALWAYS_SEARCH_USER_PATHS = NO;
				CLANG_ANALYZER_NONNULL = YES;
				CLANG_ANALYZER_NUMBER_OBJECT_CONVERSION = YES_AGGRESSIVE;
				CLANG_CXX_LANGUAGE_STANDARD = "gnu++14";
				CLANG_CXX_LIBRARY = "libc++";
				CLANG_ENABLE_MODULES = YES;
				CLANG_ENABLE_OBJC_ARC = YES;
				CLANG_WARN_BLOCK_CAPTURE_AUTORELEASING = YES;
				CLANG_WARN_BOOL_CONVERSION = YES;
				CLANG_WARN_COMMA = YES;
				CLANG_WARN_CONSTANT_CONVERSION = YES;
				CLANG_WARN_DIRECT_OBJC_ISA_USAGE = YES_ERROR;
				CLANG_WARN_DOCUMENTATION_COMMENTS = YES;
				CLANG_WARN_EMPTY_BODY = YES;
				CLANG_WARN_ENUM_CONVERSION = YES;
				CLANG_WARN_INFINITE_RECURSION = YES;
				CLANG_WARN_INT_CONVERSION = YES;
				CLANG_WARN_NON_LITERAL_NULL_CONVERSION = YES;
				CLANG_WARN_OBJC_LITERAL_CONVERSION = YES;
				CLANG_WARN_OBJC_ROOT_CLASS = YES_ERROR;
				CLANG_WARN_RANGE_LOOP_ANALYSIS = YES;
				CLANG_WARN_STRICT_PROTOTYPES = YES;
				CLANG_WARN_SUSPICIOUS_MOVE = YES;
				CLANG_WARN_UNGUARDED_AVAILABILITY = YES_AGGRESSIVE;
				CLANG_WARN_UNREACHABLE_CODE = YES;
				CLANG_WARN__DUPLICATE_METHOD_MATCH = YES;
				CODE_SIGN_IDENTITY = "iPhone Developer";
				COPY_PHASE_STRIP = NO;
				DEBUG_INFORMATION_FORMAT = dwarf;
				ENABLE_STRICT_OBJC_MSGSEND = YES;
				ENABLE_TESTABILITY = YES;
				GCC_C_LANGUAGE_STANDARD = gnu11;
				GCC_DYNAMIC_NO_PIC = NO;
				GCC_NO_COMMON_BLOCKS = YES;
				GCC_OPTIMIZATION_LEVEL = 0;
				GCC_PREPROCESSOR_DEFINITIONS = (
					"DEBUG=1",
					"$(inherited)",
				);
				GCC_WARN_64_TO_32_BIT_CONVERSION = YES;
				GCC_WARN_ABOUT_RETURN_TYPE = YES_ERROR;
				GCC_WARN_UNDECLARED_SELECTOR = YES;
				GCC_WARN_UNINITIALIZED_AUTOS = YES_AGGRESSIVE;
				GCC_WARN_UNUSED_FUNCTION = YES;
				GCC_WARN_UNUSED_VARIABLE = YES;
				IPHONEOS_DEPLOYMENT_TARGET = 11.1;
				MTL_ENABLE_DEBUG_INFO = YES;
				ONLY_ACTIVE_ARCH = YES;
				SDKROOT = iphoneos;
				SWIFT_ACTIVE_COMPILATION_CONDITIONS = DEBUG;
				SWIFT_OPTIMIZATION_LEVEL = "-Onone";
			};
			name = Debug;
		};
		F5C482162064544200E8FB50 /* Release */ = {
			isa = XCBuildConfiguration;
			buildSettings = {
				ALWAYS_SEARCH_USER_PATHS = NO;
				CLANG_ANALYZER_NONNULL = YES;
				CLANG_ANALYZER_NUMBER_OBJECT_CONVERSION = YES_AGGRESSIVE;
				CLANG_CXX_LANGUAGE_STANDARD = "gnu++14";
				CLANG_CXX_LIBRARY = "libc++";
				CLANG_ENABLE_MODULES = YES;
				CLANG_ENABLE_OBJC_ARC = YES;
				CLANG_WARN_BLOCK_CAPTURE_AUTORELEASING = YES;
				CLANG_WARN_BOOL_CONVERSION = YES;
				CLANG_WARN_COMMA = YES;
				CLANG_WARN_CONSTANT_CONVERSION = YES;
				CLANG_WARN_DIRECT_OBJC_ISA_USAGE = YES_ERROR;
				CLANG_WARN_DOCUMENTATION_COMMENTS = YES;
				CLANG_WARN_EMPTY_BODY = YES;
				CLANG_WARN_ENUM_CONVERSION = YES;
				CLANG_WARN_INFINITE_RECURSION = YES;
				CLANG_WARN_INT_CONVERSION = YES;
				CLANG_WARN_NON_LITERAL_NULL_CONVERSION = YES;
				CLANG_WARN_OBJC_LITERAL_CONVERSION = YES;
				CLANG_WARN_OBJC_ROOT_CLASS = YES_ERROR;
				CLANG_WARN_RANGE_LOOP_ANALYSIS = YES;
				CLANG_WARN_STRICT_PROTOTYPES = YES;
				CLANG_WARN_SUSPICIOUS_MOVE = YES;
				CLANG_WARN_UNGUARDED_AVAILABILITY = YES_AGGRESSIVE;
				CLANG_WARN_UNREACHABLE_CODE = YES;
				CLANG_WARN__DUPLICATE_METHOD_MATCH = YES;
				CODE_SIGN_IDENTITY = "iPhone Developer";
				COPY_PHASE_STRIP = NO;
				DEBUG_INFORMATION_FORMAT = "dwarf-with-dsym";
				ENABLE_NS_ASSERTIONS = NO;
				ENABLE_STRICT_OBJC_MSGSEND = YES;
				GCC_C_LANGUAGE_STANDARD = gnu11;
				GCC_NO_COMMON_BLOCKS = YES;
				GCC_WARN_64_TO_32_BIT_CONVERSION = YES;
				GCC_WARN_ABOUT_RETURN_TYPE = YES_ERROR;
				GCC_WARN_UNDECLARED_SELECTOR = YES;
				GCC_WARN_UNINITIALIZED_AUTOS = YES_AGGRESSIVE;
				GCC_WARN_UNUSED_FUNCTION = YES;
				GCC_WARN_UNUSED_VARIABLE = YES;
				IPHONEOS_DEPLOYMENT_TARGET = 11.1;
				MTL_ENABLE_DEBUG_INFO = NO;
				SDKROOT = iphoneos;
				SWIFT_OPTIMIZATION_LEVEL = "-Owholemodule";
				VALIDATE_PRODUCT = YES;
			};
			name = Release;
		};
		F5C482182064544200E8FB50 /* Debug */ = {
			isa = XCBuildConfiguration;
			buildSettings = {
				ASSETCATALOG_COMPILER_APPICON_NAME = AppIcon;
				CODE_SIGN_STYLE = Automatic;
				INFOPLIST_FILE = firstOne/Info.plist;
				LD_RUNPATH_SEARCH_PATHS = "$(inherited) @executable_path/Frameworks";
				PRODUCT_BUNDLE_IDENTIFIER = viktor.co.firstOne;
				PRODUCT_NAME = "$(TARGET_NAME)";
				SWIFT_VERSION = 4.0;
				TARGETED_DEVICE_FAMILY = "1,2";
			};
			name = Debug;
		};
		F5C482192064544200E8FB50 /* Release */ = {
			isa = XCBuildConfiguration;
			buildSettings = {
				ASSETCATALOG_COMPILER_APPICON_NAME = AppIcon;
				CODE_SIGN_STYLE = Automatic;
				INFOPLIST_FILE = firstOne/Info.plist;
				LD_RUNPATH_SEARCH_PATHS = "$(inherited) @executable_path/Frameworks";
				PRODUCT_BUNDLE_IDENTIFIER = viktor.co.firstOne;
				PRODUCT_NAME = "$(TARGET_NAME)";
				SWIFT_VERSION = 4.0;
				TARGETED_DEVICE_FAMILY = "1,2";
			};
			name = Release;
		};
		F5C4821B2064544200E8FB50 /* Debug */ = {
			isa = XCBuildConfiguration;
			buildSettings = {
				ALWAYS_EMBED_SWIFT_STANDARD_LIBRARIES = YES;
				BUNDLE_LOADER = "$(TEST_HOST)";
				CODE_SIGN_STYLE = Automatic;
				INFOPLIST_FILE = firstOneTests/Info.plist;
				LD_RUNPATH_SEARCH_PATHS = "$(inherited) @executable_path/Frameworks @loader_path/Frameworks";
				PRODUCT_BUNDLE_IDENTIFIER = viktor.co.firstOneTests;
				PRODUCT_NAME = "$(TARGET_NAME)";
				SWIFT_VERSION = 4.0;
				TARGETED_DEVICE_FAMILY = "1,2";
				TEST_HOST = "$(BUILT_PRODUCTS_DIR)/firstOne.app/firstOne";
			};
			name = Debug;
		};
		F5C4821C2064544200E8FB50 /* Release */ = {
			isa = XCBuildConfiguration;
			buildSettings = {
				ALWAYS_EMBED_SWIFT_STANDARD_LIBRARIES = YES;
				BUNDLE_LOADER = "$(TEST_HOST)";
				CODE_SIGN_STYLE = Automatic;
				INFOPLIST_FILE = firstOneTests/Info.plist;
				LD_RUNPATH_SEARCH_PATHS = "$(inherited) @executable_path/Frameworks @loader_path/Frameworks";
				PRODUCT_BUNDLE_IDENTIFIER = viktor.co.firstOneTests;
				PRODUCT_NAME = "$(TARGET_NAME)";
				SWIFT_VERSION = 4.0;
				TARGETED_DEVICE_FAMILY = "1,2";
				TEST_HOST = "$(BUILT_PRODUCTS_DIR)/firstOne.app/firstOne";
			};
			name = Release;
		};
		F5C4821E2064544200E8FB50 /* Debug */ = {
			isa = XCBuildConfiguration;
			buildSettings = {
				ALWAYS_EMBED_SWIFT_STANDARD_LIBRARIES = YES;
				CODE_SIGN_STYLE = Automatic;
				INFOPLIST_FILE = firstOneUITests/Info.plist;
				LD_RUNPATH_SEARCH_PATHS = "$(inherited) @executable_path/Frameworks @loader_path/Frameworks";
				PRODUCT_BUNDLE_IDENTIFIER = viktor.co.firstOneUITests;
				PRODUCT_NAME = "$(TARGET_NAME)";
				SWIFT_VERSION = 4.0;
				TARGETED_DEVICE_FAMILY = "1,2";
				TEST_TARGET_NAME = firstOne;
			};
			name = Debug;
		};
		F5C4821F2064544200E8FB50 /* Release */ = {
			isa = XCBuildConfiguration;
			buildSettings = {
				ALWAYS_EMBED_SWIFT_STANDARD_LIBRARIES = YES;
				CODE_SIGN_STYLE = Automatic;
				INFOPLIST_FILE = firstOneUITests/Info.plist;
				LD_RUNPATH_SEARCH_PATHS = "$(inherited) @executable_path/Frameworks @loader_path/Frameworks";
				PRODUCT_BUNDLE_IDENTIFIER = viktor.co.firstOneUITests;
				PRODUCT_NAME = "$(TARGET_NAME)";
				SWIFT_VERSION = 4.0;
				TARGETED_DEVICE_FAMILY = "1,2";
				TEST_TARGET_NAME = firstOne;
			};
			name = Release;
		};
/* End XCBuildConfiguration section */

/* Begin XCConfigurationList section */
		F5C481EA2064544100E8FB50 /* Build configuration list for PBXProject "firstOne" */ = {
			isa = XCConfigurationList;
			buildConfigurations = (
				F5C482152064544200E8FB50 /* Debug */,
				F5C482162064544200E8FB50 /* Release */,
			);
			defaultConfigurationIsVisible = 0;
			defaultConfigurationName = Release;
		};
		F5C482172064544200E8FB50 /* Build configuration list for PBXNativeTarget "firstOne" */ = {
			isa = XCConfigurationList;
			buildConfigurations = (
				F5C482182064544200E8FB50 /* Debug */,
				F5C482192064544200E8FB50 /* Release */,
			);
			defaultConfigurationIsVisible = 0;
			defaultConfigurationName = Release;
		};
		F5C4821A2064544200E8FB50 /* Build configuration list for PBXNativeTarget "firstOneTests" */ = {
			isa = XCConfigurationList;
			buildConfigurations = (
				F5C4821B2064544200E8FB50 /* Debug */,
				F5C4821C2064544200E8FB50 /* Release */,
			);
			defaultConfigurationIsVisible = 0;
			defaultConfigurationName = Release;
		};
		F5C4821D2064544200E8FB50 /* Build configuration list for PBXNativeTarget "firstOneUITests" */ = {
			isa = XCConfigurationList;
			buildConfigurations = (
				F5C4821E2064544200E8FB50 /* Debug */,
				F5C4821F2064544200E8FB50 /* Release */,
			);
			defaultConfigurationIsVisible = 0;
			defaultConfigurationName = Release;
		};
/* End XCConfigurationList section */
	};
	rootObject = F5C481E72064544100E8FB50 /* Project object */;
}
